
Microsoft Visual Studio Solution File, Format Version 12.00
# Visual Studio Version 17
VisualStudioVersion = 17.14.36623.8 d17.14
MinimumVisualStudioVersion = 10.0.40219.1
Project("{FAE04EC0-301F-11D3-BF4B-00C04F79EFBC}") = "Calculator", "Calculator\Calculator.csproj", "{5ED43C23-89D0-4774-A984-505D4E9C7A03}"
EndProject
Global
	GlobalSection(SolutionConfigurationPlatforms) = preSolution
		Debug|Any CPU = Debug|Any CPU
		Release|Any CPU = Release|Any CPU
	EndGlobalSection
	GlobalSection(ProjectConfigurationPlatforms) = postSolution
		{5ED43C23-89D0-4774-A984-505D4E9C7A03}.Debug|Any CPU.ActiveCfg = Debug|Any CPU
		{5ED43C23-89D0-4774-A984-505D4E9C7A03}.Debug|Any CPU.Build.0 = Debug|Any CPU
		{5ED43C23-89D0-4774-A984-505D4E9C7A03}.Release|Any CPU.ActiveCfg = Release|Any CPU
		{5ED43C23-89D0-4774-A984-505D4E9C7A03}.Release|Any CPU.Build.0 = Release|Any CPU
	EndGlobalSection
	GlobalSection(SolutionProperties) = preSolution
		HideSolutionNode = FALSE
	EndGlobalSection
	GlobalSection(ExtensibilityGlobals) = postSolution
		SolutionGuid = {350D1451-3B7D-44D1-8D15-F5DEBC8484A1}
	EndGlobalSection
EndGlobal
