
Microsoft Visual Studio Solution File, Format Version 12.00
# Visual Studio Version 17
VisualStudioVersion = 17.14.36623.8 d17.14
MinimumVisualStudioVersion = 10.0.40219.1
Project("{FAE04EC0-301F-11D3-BF4B-00C04F79EFBC}") = "houseexercise", "houseexercise\houseexercise.csproj", "{203F7B71-A834-4A06-BAFC-E776B5632D6A}"
EndProject
Global
	GlobalSection(SolutionConfigurationPlatforms) = preSolution
		Debug|Any CPU = Debug|Any CPU
		Release|Any CPU = Release|Any CPU
	EndGlobalSection
	GlobalSection(ProjectConfigurationPlatforms) = postSolution
		{203F7B71-A834-4A06-BAFC-E776B5632D6A}.Debug|Any CPU.ActiveCfg = Debug|Any CPU
		{203F7B71-A834-4A06-BAFC-E776B5632D6A}.Debug|Any CPU.Build.0 = Debug|Any CPU
		{203F7B71-A834-4A06-BAFC-E776B5632D6A}.Release|Any CPU.ActiveCfg = Release|Any CPU
		{203F7B71-A834-4A06-BAFC-E776B5632D6A}.Release|Any CPU.Build.0 = Release|Any CPU
	EndGlobalSection
	GlobalSection(SolutionProperties) = preSolution
		HideSolutionNode = FALSE
	EndGlobalSection
	GlobalSection(ExtensibilityGlobals) = postSolution
		SolutionGuid = {322EAB53-89D6-4725-A6CE-A4DBF851DDAF}
	EndGlobalSection
EndGlobal
